
Microsoft Visual Studio Solution File, Format Version 12.00
# Visual Studio Version 17
VisualStudioVersion = 17.9.34728.123
MinimumVisualStudioVersion = 10.0.40219.1
Project("{FAE04EC0-301F-11D3-BF4B-00C04F79EFBC}") = "UE.StoreDB.API", "UE.StoreDB.API\UE.StoreDB.API.csproj", "{128CE13B-DE6B-43D1-9F3C-F425F4099F7E}"
EndProject
Project("{FAE04EC0-301F-11D3-BF4B-00C04F79EFBC}") = "UE.StoreDB.Domain", "UE.StoreDB.Domain\UE.StoreDB.Domain.csproj", "{84BF2365-F244-42F8-A145-78EAA6BEA7EF}"
EndProject
Global
	GlobalSection(SolutionConfigurationPlatforms) = preSolution
		Debug|Any CPU = Debug|Any CPU
		Release|Any CPU = Release|Any CPU
	EndGlobalSection
	GlobalSection(ProjectConfigurationPlatforms) = postSolution
		{128CE13B-DE6B-43D1-9F3C-F425F4099F7E}.Debug|Any CPU.ActiveCfg = Debug|Any CPU
		{128CE13B-DE6B-43D1-9F3C-F425F4099F7E}.Debug|Any CPU.Build.0 = Debug|Any CPU
		{128CE13B-DE6B-43D1-9F3C-F425F4099F7E}.Release|Any CPU.ActiveCfg = Release|Any CPU
		{128CE13B-DE6B-43D1-9F3C-F425F4099F7E}.Release|Any CPU.Build.0 = Release|Any CPU
		{84BF2365-F244-42F8-A145-78EAA6BEA7EF}.Debug|Any CPU.ActiveCfg = Debug|Any CPU
		{84BF2365-F244-42F8-A145-78EAA6BEA7EF}.Debug|Any CPU.Build.0 = Debug|Any CPU
		{84BF2365-F244-42F8-A145-78EAA6BEA7EF}.Release|Any CPU.ActiveCfg = Release|Any CPU
		{84BF2365-F244-42F8-A145-78EAA6BEA7EF}.Release|Any CPU.Build.0 = Release|Any CPU
	EndGlobalSection
	GlobalSection(SolutionProperties) = preSolution
		HideSolutionNode = FALSE
	EndGlobalSection
	GlobalSection(ExtensibilityGlobals) = postSolution
		SolutionGuid = {9F8C7EFF-2FD0-4C95-8855-DFEA515B6717}
	EndGlobalSection
EndGlobal
